// !$*UTF8*$!
{
	archiveVersion = 1;
	classes = {
	};
	objectVersion = 50;
	objects = {

/* Begin PBXBuildFile section */
		D893BA9123EDD2EB00146390 /* AppDelegate.swift in Sources */ = {isa = PBXBuildFile; fileRef = D893BA9023EDD2EB00146390 /* AppDelegate.swift */; };
		D893BA9323EDD2EB00146390 /* SceneDelegate.swift in Sources */ = {isa = PBXBuildFile; fileRef = D893BA9223EDD2EB00146390 /* SceneDelegate.swift */; };
		D893BA9523EDD2EB00146390 /* ViewController.swift in Sources */ = {isa = PBXBuildFile; fileRef = D893BA9423EDD2EB00146390 /* ViewController.swift */; };
		D893BA9823EDD2EB00146390 /* Main.storyboard in Resources */ = {isa = PBXBuildFile; fileRef = D893BA9623EDD2EB00146390 /* Main.storyboard */; };
		D893BA9A23EDD2EE00146390 /* Assets.xcassets in Resources */ = {isa = PBXBuildFile; fileRef = D893BA9923EDD2EE00146390 /* Assets.xcassets */; };
		D893BA9D23EDD2EE00146390 /* LaunchScreen.storyboard in Resources */ = {isa = PBXBuildFile; fileRef = D893BA9B23EDD2EE00146390 /* LaunchScreen.storyboard */; };
/* End PBXBuildFile section */

/* Begin PBXFileReference section */
		D893BA8D23EDD2EB00146390 /* tameshi-jlpt.app */ = {isa = PBXFileReference; explicitFileType = wrapper.application; includeInIndex = 0; path = "tameshi-jlpt.app"; sourceTree = BUILT_PRODUCTS_DIR; };
		D893BA9023EDD2EB00146390 /* AppDelegate.swift */ = {isa = PBXFileReference; lastKnownFileType = sourcecode.swift; path = AppDelegate.swift; sourceTree = "<group>"; };
		D893BA9223EDD2EB00146390 /* SceneDelegate.swift */ = {isa = PBXFileReference; lastKnownFileType = sourcecode.swift; path = SceneDelegate.swift; sourceTree = "<group>"; };
		D893BA9423EDD2EB00146390 /* ViewController.swift */ = {isa = PBXFileReference; lastKnownFileType = sourcecode.swift; path = ViewController.swift; sourceTree = "<group>"; };
		D893BA9723EDD2EB00146390 /* Base */ = {isa = PBXFileReference; lastKnownFileType = file.storyboard; name = Base; path = Base.lproj/Main.storyboard; sourceTree = "<group>"; };
		D893BA9923EDD2EE00146390 /* Assets.xcassets */ = {isa = PBXFileReference; lastKnownFileType = folder.assetcatalog; path = Assets.xcassets; sourceTree = "<group>"; };
		D893BA9C23EDD2EE00146390 /* Base */ = {isa = PBXFileReference; lastKnownFileType = file.storyboard; name = Base; path = Base.lproj/LaunchScreen.storyboard; sourceTree = "<group>"; };
		D893BA9E23EDD2EE00146390 /* Info.plist */ = {isa = PBXFileReference; lastKnownFileType = text.plist.xml; path = Info.plist; sourceTree = "<group>"; };
/* End PBXFileReference section */

/* Begin PBXFrameworksBuildPhase section */
		D893BA8A23EDD2EB00146390 /* Frameworks */ = {
			isa = PBXFrameworksBuildPhase;
			buildActionMask = 2147483647;
			files = (
			);
			runOnlyForDeploymentPostprocessing = 0;
		};
/* End PBXFrameworksBuildPhase section */

/* Begin PBXGroup section */
		D893BA8423EDD2EB00146390 = {
			isa = PBXGroup;
			children = (
				D893BA8F23EDD2EB00146390 /* tameshi-jlpt */,
				D893BA8E23EDD2EB00146390 /* Products */,
			);
			sourceTree = "<group>";
		};
		D893BA8E23EDD2EB00146390 /* Products */ = {
			isa = PBXGroup;
			children = (
				D893BA8D23EDD2EB00146390 /* tameshi-jlpt.app */,
			);
			name = Products;
			sourceTree = "<group>";
		};
		D893BA8F23EDD2EB00146390 /* tameshi-jlpt */ = {
			isa = PBXGroup;
			children = (
				D893BA9023EDD2EB00146390 /* AppDelegate.swift */,
				D893BA9223EDD2EB00146390 /* SceneDelegate.swift */,
				D893BA9423EDD2EB00146390 /* ViewController.swift */,
				D893BA9623EDD2EB00146390 /* Main.storyboard */,
				D893BA9923EDD2EE00146390 /* Assets.xcassets */,
				D893BA9B23EDD2EE00146390 /* LaunchScreen.storyboard */,
				D893BA9E23EDD2EE00146390 /* Info.plist */,
			);
			path = "tameshi-jlpt";
			sourceTree = "<group>";
		};
/* End PBXGroup section */

/* Begin PBXNativeTarget section */
		D893BA8C23EDD2EB00146390 /* tameshi-jlpt */ = {
			isa = PBXNativeTarget;
			buildConfigurationList = D893BAA123EDD2EE00146390 /* Build configuration list for PBXNativeTarget "tameshi-jlpt" */;
			buildPhases = (
				D893BA8923EDD2EB00146390 /* Sources */,
				D893BA8A23EDD2EB00146390 /* Frameworks */,
				D893BA8B23EDD2EB00146390 /* Resources */,
			);
			buildRules = (
			);
			dependencies = (
			);
			name = "tameshi-jlpt";
			productName = "tameshi-jlpt";
			productReference = D893BA8D23EDD2EB00146390 /* tameshi-jlpt.app */;
			productType = "com.apple.product-type.application";
		};
/* End PBXNativeTarget section */

/* Begin PBXProject section */
		D893BA8523EDD2EB00146390 /* Project object */ = {
			isa = PBXProject;
			attributes = {
				LastSwiftUpdateCheck = 1120;
				LastUpgradeCheck = 1120;
				ORGANIZATIONNAME = "Jocelyn Boyd";
				TargetAttributes = {
					D893BA8C23EDD2EB00146390 = {
						CreatedOnToolsVersion = 11.2.1;
					};
				};
			};
			buildConfigurationList = D893BA8823EDD2EB00146390 /* Build configuration list for PBXProject "tameshi-jlpt" */;
			compatibilityVersion = "Xcode 9.3";
			developmentRegion = en;
			hasScannedForEncodings = 0;
			knownRegions = (
				en,
				Base,
			);
			mainGroup = D893BA8423EDD2EB00146390;
			productRefGroup = D893BA8E23EDD2EB00146390 /* Products */;
			projectDirPath = "";
			projectRoot = "";
			targets = (
				D893BA8C23EDD2EB00146390 /* tameshi-jlpt */,
			);
		};
/* End PBXProject section */

/* Begin PBXResourcesBuildPhase section */
		D893BA8B23EDD2EB00146390 /* Resources */ = {
			isa = PBXResourcesBuildPhase;
			buildActionMask = 2147483647;
			files = (
				D893BA9D23EDD2EE00146390 /* LaunchScreen.storyboard in Resources */,
				D893BA9A23EDD2EE00146390 /* Assets.xcassets in Resources */,
				D893BA9823EDD2EB00146390 /* Main.storyboard in Resources */,
			);
			runOnlyForDeploymentPostprocessing = 0;
		};
/* End PBXResourcesBuildPhase section */

/* Begin PBXSourcesBuildPhase section */
		D893BA8923EDD2EB00146390 /* Sources */ = {
			isa = PBXSourcesBuildPhase;
			buildActionMask = 2147483647;
			files = (
				D893BA9523EDD2EB00146390 /* ViewController.swift in Sources */,
				D893BA9123EDD2EB00146390 /* AppDelegate.swift in Sources */,
				D893BA9323EDD2EB00146390 /* SceneDelegate.swift in Sources */,
			);
			runOnlyForDeploymentPostprocessing = 0;
		};
/* End PBXSourcesBuildPhase section */

/* Begin PBXVariantGroup section */
		D893BA9623EDD2EB00146390 /* Main.storyboard */ = {
			isa = PBXVariantGroup;
			children = (
				D893BA9723EDD2EB00146390 /* Base */,
			);
			name = Main.storyboard;
			sourceTree = "<group>";
		};
		D893BA9B23EDD2EE00146390 /* LaunchScreen.storyboard */ = {
			isa = PBXVariantGroup;
			children = (
				D893BA9C23EDD2EE00146390 /* Base */,
			);
			name = LaunchScreen.storyboard;
			sourceTree = "<group>";
		};
/* End PBXVariantGroup section */

/* Begin XCBuildConfiguration section */
		D893BA9F23EDD2EE00146390 /* Debug */ = {
			isa = XCBuildConfiguration;
			buildSettings = {
				ALWAYS_SEARCH_USER_PATHS = NO;
				CLANG_ANALYZER_NONNULL = YES;
				CLANG_ANALYZER_NUMBER_OBJECT_CONVERSION = YES_AGGRESSIVE;
				CLANG_CXX_LANGUAGE_STANDARD = "gnu++14";
				CLANG_CXX_LIBRARY = "libc++";
				CLANG_ENABLE_MODULES = YES;
				CLANG_ENABLE_OBJC_ARC = YES;
				CLANG_ENABLE_OBJC_WEAK = YES;
				CLANG_WARN_BLOCK_CAPTURE_AUTORELEASING = YES;
				CLANG_WARN_BOOL_CONVERSION = YES;
				CLANG_WARN_COMMA = YES;
				CLANG_WARN_CONSTANT_CONVERSION = YES;
				CLANG_WARN_DEPRECATED_OBJC_IMPLEMENTATIONS = YES;
				CLANG_WARN_DIRECT_OBJC_ISA_USAGE = YES_ERROR;
				CLANG_WARN_DOCUMENTATION_COMMENTS = YES;
				CLANG_WARN_EMPTY_BODY = YES;
				CLANG_WARN_ENUM_CONVERSION = YES;
				CLANG_WARN_INFINITE_RECURSION = YES;
				CLANG_WARN_INT_CONVERSION = YES;
				CLANG_WARN_NON_LITERAL_NULL_CONVERSION = YES;
				CLANG_WARN_OBJC_IMPLICIT_RETAIN_SELF = YES;
				CLANG_WARN_OBJC_LITERAL_CONVERSION = YES;
				CLANG_WARN_OBJC_ROOT_CLASS = YES_ERROR;
				CLANG_WARN_RANGE_LOOP_ANALYSIS = YES;
				CLANG_WARN_STRICT_PROTOTYPES = YES;
				CLANG_WARN_SUSPICIOUS_MOVE = YES;
				CLANG_WARN_UNGUARDED_AVAILABILITY = YES_AGGRESSIVE;
				CLANG_WARN_UNREACHABLE_CODE = YES;
				CLANG_WARN__DUPLICATE_METHOD_MATCH = YES;
				COPY_PHASE_STRIP = NO;
				DEBUG_INFORMATION_FORMAT = dwarf;
				ENABLE_STRICT_OBJC_MSGSEND = YES;
				ENABLE_TESTABILITY = YES;
				GCC_C_LANGUAGE_STANDARD = gnu11;
				GCC_DYNAMIC_NO_PIC = NO;
				GCC_NO_COMMON_BLOCKS = YES;
				GCC_OPTIMIZATION_LEVEL = 0;
				GCC_PREPROCESSOR_DEFINITIONS = (
					"DEBUG=1",
					"$(inherited)",
				);
				GCC_WARN_64_TO_32_BIT_CONVERSION = YES;
				GCC_WARN_ABOUT_RETURN_TYPE = YES_ERROR;
				GCC_WARN_UNDECLARED_SELECTOR = YES;
				GCC_WARN_UNINITIALIZED_AUTOS = YES_AGGRESSIVE;
				GCC_WARN_UNUSED_FUNCTION = YES;
				GCC_WARN_UNUSED_VARIABLE = YES;
				IPHONEOS_DEPLOYMENT_TARGET = 13.2;
				MTL_ENABLE_DEBUG_INFO = INCLUDE_SOURCE;
				MTL_FAST_MATH = YES;
				ONLY_ACTIVE_ARCH = YES;
				SDKROOT = iphoneos;
				SWIFT_ACTIVE_COMPILATION_CONDITIONS = DEBUG;
				SWIFT_OPTIMIZATION_LEVEL = "-Onone";
			};
			name = Debug;
		};
		D893BAA023EDD2EE00146390 /* Release */ = {
			isa = XCBuildConfiguration;
			buildSettings = {
				ALWAYS_SEARCH_USER_PATHS = NO;
				CLANG_ANALYZER_NONNULL = YES;
				CLANG_ANALYZER_NUMBER_OBJECT_CONVERSION = YES_AGGRESSIVE;
				CLANG_CXX_LANGUAGE_STANDARD = "gnu++14";
				CLANG_CXX_LIBRARY = "libc++";
				CLANG_ENABLE_MODULES = YES;
				CLANG_ENABLE_OBJC_ARC = YES;
				CLANG_ENABLE_OBJC_WEAK = YES;
				CLANG_WARN_BLOCK_CAPTURE_AUTORELEASING = YES;
				CLANG_WARN_BOOL_CONVERSION = YES;
				CLANG_WARN_COMMA = YES;
				CLANG_WARN_CONSTANT_CONVERSION = YES;
				CLANG_WARN_DEPRECATED_OBJC_IMPLEMENTATIONS = YES;
				CLANG_WARN_DIRECT_OBJC_ISA_USAGE = YES_ERROR;
				CLANG_WARN_DOCUMENTATION_COMMENTS = YES;
				CLANG_WARN_EMPTY_BODY = YES;
				CLANG_WARN_ENUM_CONVERSION = YES;
				CLANG_WARN_INFINITE_RECURSION = YES;
				CLANG_WARN_INT_CONVERSION = YES;
				CLANG_WARN_NON_LITERAL_NULL_CONVERSION = YES;
				CLANG_WARN_OBJC_IMPLICIT_RETAIN_SELF = YES;
				CLANG_WARN_OBJC_LITERAL_CONVERSION = YES;
				CLANG_WARN_OBJC_ROOT_CLASS = YES_ERROR;
				CLANG_WARN_RANGE_LOOP_ANALYSIS = YES;
				CLANG_WARN_STRICT_PROTOTYPES = YES;
				CLANG_WARN_SUSPICIOUS_MOVE = YES;
				CLANG_WARN_UNGUARDED_AVAILABILITY = YES_AGGRESSIVE;
				CLANG_WARN_UNREACHABLE_CODE = YES;
				CLANG_WARN__DUPLICATE_METHOD_MATCH = YES;
				COPY_PHASE_STRIP = NO;
				DEBUG_INFORMATION_FORMAT = "dwarf-with-dsym";
				ENABLE_NS_ASSERTIONS = NO;
				ENABLE_STRICT_OBJC_MSGSEND = YES;
				GCC_C_LANGUAGE_STANDARD = gnu11;
				GCC_NO_COMMON_BLOCKS = YES;
				GCC_WARN_64_TO_32_BIT_CONVERSION = YES;
				GCC_WARN_ABOUT_RETURN_TYPE = YES_ERROR;
				GCC_WARN_UNDECLARED_SELECTOR = YES;
				GCC_WARN_UNINITIALIZED_AUTOS = YES_AGGRESSIVE;
				GCC_WARN_UNUSED_FUNCTION = YES;
				GCC_WARN_UNUSED_VARIABLE = YES;
				IPHONEOS_DEPLOYMENT_TARGET = 13.2;
				MTL_ENABLE_DEBUG_INFO = NO;
				MTL_FAST_MATH = YES;
				SDKROOT = iphoneos;
				SWIFT_COMPILATION_MODE = wholemodule;
				SWIFT_OPTIMIZATION_LEVEL = "-O";
				VALIDATE_PRODUCT = YES;
			};
			name = Release;
		};
		D893BAA223EDD2EE00146390 /* Debug */ = {
			isa = XCBuildConfiguration;
			buildSettings = {
				ASSETCATALOG_COMPILER_APPICON_NAME = AppIcon;
				CODE_SIGN_STYLE = Automatic;
				DEVELOPMENT_TEAM = 453FAV4WWW;
				INFOPLIST_FILE = "tameshi-jlpt/Info.plist";
				LD_RUNPATH_SEARCH_PATHS = (
					"$(inherited)",
					"@executable_path/Frameworks",
				);
				PRODUCT_BUNDLE_IDENTIFIER = "kabocha.tameshi-jlpt";
				PRODUCT_NAME = "$(TARGET_NAME)";
				SWIFT_VERSION = 5.0;
				TARGETED_DEVICE_FAMILY = "1,2";
			};
			name = Debug;
		};
		D893BAA323EDD2EE00146390 /* Release */ = {
			isa = XCBuildConfiguration;
			buildSettings = {
				ASSETCATALOG_COMPILER_APPICON_NAME = AppIcon;
				CODE_SIGN_STYLE = Automatic;
				DEVELOPMENT_TEAM = 453FAV4WWW;
				INFOPLIST_FILE = "tameshi-jlpt/Info.plist";
				LD_RUNPATH_SEARCH_PATHS = (
					"$(inherited)",
					"@executable_path/Frameworks",
				);
				PRODUCT_BUNDLE_IDENTIFIER = "kabocha.tameshi-jlpt";
				PRODUCT_NAME = "$(TARGET_NAME)";
				SWIFT_VERSION = 5.0;
				TARGETED_DEVICE_FAMILY = "1,2";
			};
			name = Release;
		};
/* End XCBuildConfiguration section */

/* Begin XCConfigurationList section */
		D893BA8823EDD2EB00146390 /* Build configuration list for PBXProject "tameshi-jlpt" */ = {
			isa = XCConfigurationList;
			buildConfigurations = (
				D893BA9F23EDD2EE00146390 /* Debug */,
				D893BAA023EDD2EE00146390 /* Release */,
			);
			defaultConfigurationIsVisible = 0;
			defaultConfigurationName = Release;
		};
		D893BAA123EDD2EE00146390 /* Build configuration list for PBXNativeTarget "tameshi-jlpt" */ = {
			isa = XCConfigurationList;
			buildConfigurations = (
				D893BAA223EDD2EE00146390 /* Debug */,
				D893BAA323EDD2EE00146390 /* Release */,
			);
			defaultConfigurationIsVisible = 0;
			defaultConfigurationName = Release;
		};
/* End XCConfigurationList section */
	};
	rootObject = D893BA8523EDD2EB00146390 /* Project object */;
}
